
Microsoft Visual Studio Solution File, Format Version 12.00
# Visual Studio Version 16
VisualStudioVersion = 16.0.30406.217
MinimumVisualStudioVersion = 10.0.40219.1
Project("{9A19103F-16F7-4668-BE54-9A1E7A4F7556}") = "eShopSolution.WebApp", "eShopSolution.WebApp\eShopSolution.WebApp.csproj", "{F7FFAE91-2B11-40B7-B985-D32B5D573FF6}"
EndProject
Project("{2150E333-8FDC-42A3-9474-1A3956D46DE8}") = "0.Solution Items", "0.Solution Items", "{006E50B5-11ED-49E0-854E-35FA7E75881C}"
	ProjectSection(SolutionItems) = preProject
		README.md = README.md
	EndProjectSection
EndProject
Project("{9A19103F-16F7-4668-BE54-9A1E7A4F7556}") = "eShopSolution.Data", "eShopSolution.Data\eShopSolution.Data.csproj", "{3132D44E-8E68-4CB4-8A43-9B63F65FE498}"
EndProject
Project("{9A19103F-16F7-4668-BE54-9A1E7A4F7556}") = "eShopSolution.Application", "eShopSolution.Application\eShopSolution.Application.csproj", "{18F55CC8-A621-4A24-A858-4A31143827F0}"
EndProject
Project("{9A19103F-16F7-4668-BE54-9A1E7A4F7556}") = "eShopSolution.Utilities", "eShopSolution.Utilities\eShopSolution.Utilities.csproj", "{935DDECD-4AAB-4825-AED2-2BD03AAA978C}"
EndProject
Project("{9A19103F-16F7-4668-BE54-9A1E7A4F7556}") = "eShopSolution.ViewModels", "eShopSolution.ViewModels\eShopSolution.ViewModels.csproj", "{4E431D91-2164-4505-8F4F-848C7D319804}"
EndProject
Project("{9A19103F-16F7-4668-BE54-9A1E7A4F7556}") = "eShopSolution.BackendApi", "eShopSolution.BackendApi\eShopSolution.BackendApi.csproj", "{7C667BB9-F3FA-4E0E-9C7D-9DE6ED75CF2D}"
EndProject
Project("{2150E333-8FDC-42A3-9474-1A3956D46DE8}") = "1.Infrastructure", "1.Infrastructure", "{715D781A-8871-4E37-84CF-4B74EA1BBC9E}"
EndProject
Project("{2150E333-8FDC-42A3-9474-1A3956D46DE8}") = "2.Domain", "2.Domain", "{B87810B0-018A-4B7E-ABDE-56B397AC5992}"
EndProject
Project("{2150E333-8FDC-42A3-9474-1A3956D46DE8}") = "Hosts", "Hosts", "{5DBF97A6-D66D-4A4F-94CF-D8138BB84595}"
EndProject
Project("{FAE04EC0-301F-11D3-BF4B-00C04F79EFBC}") = "eShopSolution.AdminApp", "eShopSolution.AdminApp\eShopSolution.AdminApp.csproj", "{8AD5A305-436F-4A3D-958F-4CCC4F11FFBE}"
EndProject
Global
	GlobalSection(SolutionConfigurationPlatforms) = preSolution
		Debug|Any CPU = Debug|Any CPU
		Release|Any CPU = Release|Any CPU
	EndGlobalSection
	GlobalSection(ProjectConfigurationPlatforms) = postSolution
		{F7FFAE91-2B11-40B7-B985-D32B5D573FF6}.Debug|Any CPU.ActiveCfg = Debug|Any CPU
		{F7FFAE91-2B11-40B7-B985-D32B5D573FF6}.Debug|Any CPU.Build.0 = Debug|Any CPU
		{F7FFAE91-2B11-40B7-B985-D32B5D573FF6}.Release|Any CPU.ActiveCfg = Release|Any CPU
		{F7FFAE91-2B11-40B7-B985-D32B5D573FF6}.Release|Any CPU.Build.0 = Release|Any CPU
		{3132D44E-8E68-4CB4-8A43-9B63F65FE498}.Debug|Any CPU.ActiveCfg = Debug|Any CPU
		{3132D44E-8E68-4CB4-8A43-9B63F65FE498}.Debug|Any CPU.Build.0 = Debug|Any CPU
		{3132D44E-8E68-4CB4-8A43-9B63F65FE498}.Release|Any CPU.ActiveCfg = Release|Any CPU
		{3132D44E-8E68-4CB4-8A43-9B63F65FE498}.Release|Any CPU.Build.0 = Release|Any CPU
		{18F55CC8-A621-4A24-A858-4A31143827F0}.Debug|Any CPU.ActiveCfg = Debug|Any CPU
		{18F55CC8-A621-4A24-A858-4A31143827F0}.Debug|Any CPU.Build.0 = Debug|Any CPU
		{18F55CC8-A621-4A24-A858-4A31143827F0}.Release|Any CPU.ActiveCfg = Release|Any CPU
		{18F55CC8-A621-4A24-A858-4A31143827F0}.Release|Any CPU.Build.0 = Release|Any CPU
		{935DDECD-4AAB-4825-AED2-2BD03AAA978C}.Debug|Any CPU.ActiveCfg = Debug|Any CPU
		{935DDECD-4AAB-4825-AED2-2BD03AAA978C}.Debug|Any CPU.Build.0 = Debug|Any CPU
		{935DDECD-4AAB-4825-AED2-2BD03AAA978C}.Release|Any CPU.ActiveCfg = Release|Any CPU
		{935DDECD-4AAB-4825-AED2-2BD03AAA978C}.Release|Any CPU.Build.0 = Release|Any CPU
		{4E431D91-2164-4505-8F4F-848C7D319804}.Debug|Any CPU.ActiveCfg = Debug|Any CPU
		{4E431D91-2164-4505-8F4F-848C7D319804}.Debug|Any CPU.Build.0 = Debug|Any CPU
		{4E431D91-2164-4505-8F4F-848C7D319804}.Release|Any CPU.ActiveCfg = Release|Any CPU
		{4E431D91-2164-4505-8F4F-848C7D319804}.Release|Any CPU.Build.0 = Release|Any CPU
		{7C667BB9-F3FA-4E0E-9C7D-9DE6ED75CF2D}.Debug|Any CPU.ActiveCfg = Debug|Any CPU
		{7C667BB9-F3FA-4E0E-9C7D-9DE6ED75CF2D}.Debug|Any CPU.Build.0 = Debug|Any CPU
		{7C667BB9-F3FA-4E0E-9C7D-9DE6ED75CF2D}.Release|Any CPU.ActiveCfg = Release|Any CPU
		{7C667BB9-F3FA-4E0E-9C7D-9DE6ED75CF2D}.Release|Any CPU.Build.0 = Release|Any CPU
		{8AD5A305-436F-4A3D-958F-4CCC4F11FFBE}.Debug|Any CPU.ActiveCfg = Debug|Any CPU
		{8AD5A305-436F-4A3D-958F-4CCC4F11FFBE}.Debug|Any CPU.Build.0 = Debug|Any CPU
		{8AD5A305-436F-4A3D-958F-4CCC4F11FFBE}.Release|Any CPU.ActiveCfg = Release|Any CPU
		{8AD5A305-436F-4A3D-958F-4CCC4F11FFBE}.Release|Any CPU.Build.0 = Release|Any CPU
	EndGlobalSection
	GlobalSection(SolutionProperties) = preSolution
		HideSolutionNode = FALSE
	EndGlobalSection
	GlobalSection(NestedProjects) = preSolution
		{F7FFAE91-2B11-40B7-B985-D32B5D573FF6} = {5DBF97A6-D66D-4A4F-94CF-D8138BB84595}
		{3132D44E-8E68-4CB4-8A43-9B63F65FE498} = {B87810B0-018A-4B7E-ABDE-56B397AC5992}
		{18F55CC8-A621-4A24-A858-4A31143827F0} = {B87810B0-018A-4B7E-ABDE-56B397AC5992}
		{935DDECD-4AAB-4825-AED2-2BD03AAA978C} = {715D781A-8871-4E37-84CF-4B74EA1BBC9E}
		{4E431D91-2164-4505-8F4F-848C7D319804} = {715D781A-8871-4E37-84CF-4B74EA1BBC9E}
		{7C667BB9-F3FA-4E0E-9C7D-9DE6ED75CF2D} = {5DBF97A6-D66D-4A4F-94CF-D8138BB84595}
		{8AD5A305-436F-4A3D-958F-4CCC4F11FFBE} = {5DBF97A6-D66D-4A4F-94CF-D8138BB84595}
	EndGlobalSection
	GlobalSection(ExtensibilityGlobals) = postSolution
		SolutionGuid = {304EF641-B86F-44FE-AE58-F6F82ABF705E}
	EndGlobalSection
EndGlobal
